// !$*UTF8*$!
{
	archiveVersion = 1;
	classes = {
	};
	objectVersion = 77;
	objects = {

/* Begin PBXBuildFile section */
		7599AA562F62000100A8457B /* Calorie Tracker Widgets.appex in Embed App Extensions */ = {isa = PBXBuildFile; fileRef = 7599AA502F62000100A8457B /* Calorie Tracker Widgets.appex */; settings = {ATTRIBUTES = (RemoveHeadersOnCopy, ); }; };
/* End PBXBuildFile section */

/* Begin PBXContainerItemProxy section */
		7599AA572F62000100A8457B /* PBXContainerItemProxy */ = {
			isa = PBXContainerItemProxy;
			containerPortal = 7587F5142F5209DE00A8457B /* Project object */;
			proxyType = 1;
			remoteGlobalIDString = 7599AA4E2F62000100A8457B;
			remoteInfo = "Calorie Tracker Widgets";
		};
		75A100072F53000100A8457B /* PBXContainerItemProxy */ = {
			isa = PBXContainerItemProxy;
			containerPortal = 7587F5142F5209DE00A8457B /* Project object */;
			proxyType = 1;
			remoteGlobalIDString = 7587F51B2F5209DE00A8457B;
			remoteInfo = "Calorie Tracker";
		};
/* End PBXContainerItemProxy section */

/* Begin PBXCopyFilesBuildPhase section */
		7599AA542F62000100A8457B /* Embed App Extensions */ = {
			isa = PBXCopyFilesBuildPhase;
			buildActionMask = 2147483647;
			dstPath = "";
			dstSubfolderSpec = 13;
			files = (
				7599AA562F62000100A8457B /* Calorie Tracker Widgets.appex in Embed App Extensions */,
			);
			name = "Embed App Extensions";
			runOnlyForDeploymentPostprocessing = 0;
		};
/* End PBXCopyFilesBuildPhase section */

/* Begin PBXFileReference section */
		7587F51C2F5209DE00A8457B /* Calorie Tracker.app */ = {isa = PBXFileReference; explicitFileType = wrapper.application; includeInIndex = 0; path = "Calorie Tracker.app"; sourceTree = BUILT_PRODUCTS_DIR; };
		7599AA502F62000100A8457B /* Calorie Tracker Widgets.appex */ = {isa = PBXFileReference; explicitFileType = "wrapper.app-extension"; includeInIndex = 0; path = "Calorie Tracker Widgets.appex"; sourceTree = BUILT_PRODUCTS_DIR; };
		75A100012F53000100A8457B /* Calorie TrackerUITests.xctest */ = {isa = PBXFileReference; explicitFileType = wrapper.cfbundle; includeInIndex = 0; path = "Calorie TrackerUITests.xctest"; sourceTree = BUILT_PRODUCTS_DIR; };
/* End PBXFileReference section */

/* Begin PBXFileSystemSynchronizedRootGroup section */
		7587F51E2F5209DE00A8457B /* Calorie Tracker */ = {
			isa = PBXFileSystemSynchronizedRootGroup;
			path = "Calorie Tracker";
			sourceTree = "<group>";
		};
		7599AA512F62000100A8457B /* Calorie Tracker Widgets */ = {
			isa = PBXFileSystemSynchronizedRootGroup;
			path = "Calorie Tracker Widgets";
			sourceTree = "<group>";
		};
		75A100022F53000100A8457B /* Calorie TrackerUITests */ = {
			isa = PBXFileSystemSynchronizedRootGroup;
			path = "Calorie TrackerUITests";
			sourceTree = "<group>";
		};
/* End PBXFileSystemSynchronizedRootGroup section */

/* Begin PBXFrameworksBuildPhase section */
		7587F5192F5209DE00A8457B /* Frameworks */ = {
			isa = PBXFrameworksBuildPhase;
			buildActionMask = 2147483647;
			files = (
			);
			runOnlyForDeploymentPostprocessing = 0;
		};
		7599AA532F62000100A8457B /* Frameworks */ = {
			isa = PBXFrameworksBuildPhase;
			buildActionMask = 2147483647;
			files = (
			);
			runOnlyForDeploymentPostprocessing = 0;
		};
		75A100032F53000100A8457B /* Frameworks */ = {
			isa = PBXFrameworksBuildPhase;
			buildActionMask = 2147483647;
			files = (
			);
			runOnlyForDeploymentPostprocessing = 0;
		};
/* End PBXFrameworksBuildPhase section */

/* Begin PBXGroup section */
		7587F5132F5209DE00A8457B = {
			isa = PBXGroup;
			children = (
				7587F51E2F5209DE00A8457B /* Calorie Tracker */,
				7599AA512F62000100A8457B /* Calorie Tracker Widgets */,
				75A100022F53000100A8457B /* Calorie TrackerUITests */,
				7587F51D2F5209DE00A8457B /* Products */,
			);
			sourceTree = "<group>";
		};
		7587F51D2F5209DE00A8457B /* Products */ = {
			isa = PBXGroup;
			children = (
				7587F51C2F5209DE00A8457B /* Calorie Tracker.app */,
				7599AA502F62000100A8457B /* Calorie Tracker Widgets.appex */,
				75A100012F53000100A8457B /* Calorie TrackerUITests.xctest */,
			);
			name = Products;
			sourceTree = "<group>";
		};
/* End PBXGroup section */

/* Begin PBXNativeTarget section */
		7587F51B2F5209DE00A8457B /* Calorie Tracker */ = {
			isa = PBXNativeTarget;
			buildConfigurationList = 7587F5272F5209DF00A8457B /* Build configuration list for PBXNativeTarget "Calorie Tracker" */;
			buildPhases = (
				7587F5182F5209DE00A8457B /* Sources */,
				7587F5192F5209DE00A8457B /* Frameworks */,
				7587F51A2F5209DE00A8457B /* Resources */,
				7599AA542F62000100A8457B /* Embed App Extensions */,
			);
			buildRules = (
			);
			dependencies = (
				7599AA582F62000100A8457B /* PBXTargetDependency */,
			);
			fileSystemSynchronizedGroups = (
				7587F51E2F5209DE00A8457B /* Calorie Tracker */,
			);
			name = "Calorie Tracker";
			packageProductDependencies = (
			);
			productName = "Calorie Tracker";
			productReference = 7587F51C2F5209DE00A8457B /* Calorie Tracker.app */;
			productType = "com.apple.product-type.application";
		};
		7599AA4E2F62000100A8457B /* Calorie Tracker Widgets */ = {
			isa = PBXNativeTarget;
			buildConfigurationList = 7599AA5D2F62000100A8457B /* Build configuration list for PBXNativeTarget "Calorie Tracker Widgets" */;
			buildPhases = (
				7599AA522F62000100A8457B /* Sources */,
				7599AA532F62000100A8457B /* Frameworks */,
				7599AA552F62000100A8457B /* Resources */,
			);
			buildRules = (
			);
			dependencies = (
			);
			fileSystemSynchronizedGroups = (
				7599AA512F62000100A8457B /* Calorie Tracker Widgets */,
			);
			name = "Calorie Tracker Widgets";
			packageProductDependencies = (
			);
			productName = "Calorie Tracker Widgets";
			productReference = 7599AA502F62000100A8457B /* Calorie Tracker Widgets.appex */;
			productType = "com.apple.product-type.app-extension";
		};
		75A100062F53000100A8457B /* Calorie TrackerUITests */ = {
			isa = PBXNativeTarget;
			buildConfigurationList = 75A1000B2F53000100A8457B /* Build configuration list for PBXNativeTarget "Calorie TrackerUITests" */;
			buildPhases = (
				75A100052F53000100A8457B /* Sources */,
				75A100032F53000100A8457B /* Frameworks */,
				75A100042F53000100A8457B /* Resources */,
			);
			buildRules = (
			);
			dependencies = (
				75A100082F53000100A8457B /* PBXTargetDependency */,
			);
			fileSystemSynchronizedGroups = (
				75A100022F53000100A8457B /* Calorie TrackerUITests */,
			);
			name = "Calorie TrackerUITests";
			packageProductDependencies = (
			);
			productName = "Calorie TrackerUITests";
			productReference = 75A100012F53000100A8457B /* Calorie TrackerUITests.xctest */;
			productType = "com.apple.product-type.bundle.ui-testing";
		};
/* End PBXNativeTarget section */

/* Begin PBXProject section */
		7587F5142F5209DE00A8457B /* Project object */ = {
			isa = PBXProject;
			attributes = {
				BuildIndependentTargetsInParallel = 1;
				LastSwiftUpdateCheck = 2620;
				LastUpgradeCheck = 2620;
				TargetAttributes = {
					7587F51B2F5209DE00A8457B = {
						CreatedOnToolsVersion = 26.2;
					};
					7599AA4E2F62000100A8457B = {
						CreatedOnToolsVersion = 26.2;
					};
					75A100062F53000100A8457B = {
						CreatedOnToolsVersion = 26.2;
						TestTargetID = 7587F51B2F5209DE00A8457B;
					};
				};
			};
			buildConfigurationList = 7587F5172F5209DE00A8457B /* Build configuration list for PBXProject "Calorie Tracker" */;
			developmentRegion = en;
			hasScannedForEncodings = 0;
			knownRegions = (
				en,
				Base,
			);
			mainGroup = 7587F5132F5209DE00A8457B;
			minimizedProjectReferenceProxies = 1;
			packageReferences = (
			);
			preferredProjectObjectVersion = 77;
			productRefGroup = 7587F51D2F5209DE00A8457B /* Products */;
			projectDirPath = "";
			projectRoot = "";
			targets = (
				7587F51B2F5209DE00A8457B /* Calorie Tracker */,
				7599AA4E2F62000100A8457B /* Calorie Tracker Widgets */,
				75A100062F53000100A8457B /* Calorie TrackerUITests */,
			);
		};
/* End PBXProject section */

/* Begin PBXResourcesBuildPhase section */
		7587F51A2F5209DE00A8457B /* Resources */ = {
			isa = PBXResourcesBuildPhase;
			buildActionMask = 2147483647;
			files = (
			);
			runOnlyForDeploymentPostprocessing = 0;
		};
		7599AA552F62000100A8457B /* Resources */ = {
			isa = PBXResourcesBuildPhase;
			buildActionMask = 2147483647;
			files = (
			);
			runOnlyForDeploymentPostprocessing = 0;
		};
		75A100042F53000100A8457B /* Resources */ = {
			isa = PBXResourcesBuildPhase;
			buildActionMask = 2147483647;
			files = (
			);
			runOnlyForDeploymentPostprocessing = 0;
		};
/* End PBXResourcesBuildPhase section */

/* Begin PBXSourcesBuildPhase section */
		7587F5182F5209DE00A8457B /* Sources */ = {
			isa = PBXSourcesBuildPhase;
			buildActionMask = 2147483647;
			files = (
			);
			runOnlyForDeploymentPostprocessing = 0;
		};
		7599AA522F62000100A8457B /* Sources */ = {
			isa = PBXSourcesBuildPhase;
			buildActionMask = 2147483647;
			files = (
			);
			runOnlyForDeploymentPostprocessing = 0;
		};
		75A100052F53000100A8457B /* Sources */ = {
			isa = PBXSourcesBuildPhase;
			buildActionMask = 2147483647;
			files = (
			);
			runOnlyForDeploymentPostprocessing = 0;
		};
/* End PBXSourcesBuildPhase section */

/* Begin PBXTargetDependency section */
		7599AA582F62000100A8457B /* PBXTargetDependency */ = {
			isa = PBXTargetDependency;
			target = 7599AA4E2F62000100A8457B /* Calorie Tracker Widgets */;
			targetProxy = 7599AA572F62000100A8457B /* PBXContainerItemProxy */;
		};
		75A100082F53000100A8457B /* PBXTargetDependency */ = {
			isa = PBXTargetDependency;
			target = 7587F51B2F5209DE00A8457B /* Calorie Tracker */;
			targetProxy = 75A100072F53000100A8457B /* PBXContainerItemProxy */;
		};
/* End PBXTargetDependency section */

/* Begin XCBuildConfiguration section */
		7587F5252F5209DF00A8457B /* Debug */ = {
			isa = XCBuildConfiguration;
			buildSettings = {
				ALWAYS_SEARCH_USER_PATHS = NO;
				ASSETCATALOG_COMPILER_GENERATE_SWIFT_ASSET_SYMBOL_EXTENSIONS = YES;
				CLANG_ANALYZER_NONNULL = YES;
				CLANG_ANALYZER_NUMBER_OBJECT_CONVERSION = YES_AGGRESSIVE;
				CLANG_CXX_LANGUAGE_STANDARD = "gnu++20";
				CLANG_ENABLE_MODULES = YES;
				CLANG_ENABLE_OBJC_ARC = YES;
				CLANG_ENABLE_OBJC_WEAK = YES;
				CLANG_WARN_BLOCK_CAPTURE_AUTORELEASING = YES;
				CLANG_WARN_BOOL_CONVERSION = YES;
				CLANG_WARN_COMMA = YES;
				CLANG_WARN_CONSTANT_CONVERSION = YES;
				CLANG_WARN_DEPRECATED_OBJC_IMPLEMENTATIONS = YES;
				CLANG_WARN_DIRECT_OBJC_ISA_USAGE = YES_ERROR;
				CLANG_WARN_DOCUMENTATION_COMMENTS = YES;
				CLANG_WARN_EMPTY_BODY = YES;
				CLANG_WARN_ENUM_CONVERSION = YES;
				CLANG_WARN_INFINITE_RECURSION = YES;
				CLANG_WARN_INT_CONVERSION = YES;
				CLANG_WARN_NON_LITERAL_NULL_CONVERSION = YES;
				CLANG_WARN_OBJC_IMPLICIT_RETAIN_SELF = YES;
				CLANG_WARN_OBJC_LITERAL_CONVERSION = YES;
				CLANG_WARN_OBJC_ROOT_CLASS = YES_ERROR;
				CLANG_WARN_QUOTED_INCLUDE_IN_FRAMEWORK_HEADER = YES;
				CLANG_WARN_RANGE_LOOP_ANALYSIS = YES;
				CLANG_WARN_STRICT_PROTOTYPES = YES;
				CLANG_WARN_SUSPICIOUS_MOVE = YES;
				CLANG_WARN_UNGUARDED_AVAILABILITY = YES_AGGRESSIVE;
				CLANG_WARN_UNREACHABLE_CODE = YES;
				CLANG_WARN__DUPLICATE_METHOD_MATCH = YES;
				COPY_PHASE_STRIP = NO;
				DEBUG_INFORMATION_FORMAT = dwarf;
				DEVELOPMENT_TEAM = 5TGUM38DL9;
				ENABLE_STRICT_OBJC_MSGSEND = YES;
				ENABLE_TESTABILITY = YES;
				ENABLE_USER_SCRIPT_SANDBOXING = YES;
				GCC_C_LANGUAGE_STANDARD = gnu17;
				GCC_DYNAMIC_NO_PIC = NO;
				GCC_NO_COMMON_BLOCKS = YES;
				GCC_OPTIMIZATION_LEVEL = 0;
				GCC_PREPROCESSOR_DEFINITIONS = (
					"DEBUG=1",
					"$(inherited)",
				);
				GCC_WARN_64_TO_32_BIT_CONVERSION = YES;
				GCC_WARN_ABOUT_RETURN_TYPE = YES_ERROR;
				GCC_WARN_UNDECLARED_SELECTOR = YES;
				GCC_WARN_UNINITIALIZED_AUTOS = YES_AGGRESSIVE;
				GCC_WARN_UNUSED_FUNCTION = YES;
				GCC_WARN_UNUSED_VARIABLE = YES;
				INFOPLIST_KEY_NSCameraUsageDescription = "Calorie Tracker uses the camera to scan food barcodes.";
				INFOPLIST_KEY_NSHealthShareUsageDescription = "Calorie Tracker reads your Health data to personalize your calorie estimates.";
				INFOPLIST_KEY_NSHealthUpdateUsageDescription = "Calorie Tracker requests Health access so it can read your profile data to personalize calorie estimates. It does not write Health data.";
				INFOPLIST_KEY_NSMotionUsageDescription = "Calorie Tracker uses your step count to adjust your daily calorie goal.";
				INFOPLIST_KEY_NSPhotoLibraryUsageDescription = "Calorie Tracker uses your photo library to estimate portion sizes from a plate photo.";
				IPHONEOS_DEPLOYMENT_TARGET = 26.2;
				LOCALIZATION_PREFERS_STRING_CATALOGS = YES;
				MTL_ENABLE_DEBUG_INFO = INCLUDE_SOURCE;
				MTL_FAST_MATH = YES;
				ONLY_ACTIVE_ARCH = YES;
				SDKROOT = iphoneos;
				SWIFT_ACTIVE_COMPILATION_CONDITIONS = "DEBUG $(inherited)";
				SWIFT_OPTIMIZATION_LEVEL = "-Onone";
			};
			name = Debug;
		};
		7587F5262F5209DF00A8457B /* Release */ = {
			isa = XCBuildConfiguration;
			buildSettings = {
				ALWAYS_SEARCH_USER_PATHS = NO;
				ASSETCATALOG_COMPILER_GENERATE_SWIFT_ASSET_SYMBOL_EXTENSIONS = YES;
				CLANG_ANALYZER_NONNULL = YES;
				CLANG_ANALYZER_NUMBER_OBJECT_CONVERSION = YES_AGGRESSIVE;
				CLANG_CXX_LANGUAGE_STANDARD = "gnu++20";
				CLANG_ENABLE_MODULES = YES;
				CLANG_ENABLE_OBJC_ARC = YES;
				CLANG_ENABLE_OBJC_WEAK = YES;
				CLANG_WARN_BLOCK_CAPTURE_AUTORELEASING = YES;
				CLANG_WARN_BOOL_CONVERSION = YES;
				CLANG_WARN_COMMA = YES;
				CLANG_WARN_CONSTANT_CONVERSION = YES;
				CLANG_WARN_DEPRECATED_OBJC_IMPLEMENTATIONS = YES;
				CLANG_WARN_DIRECT_OBJC_ISA_USAGE = YES_ERROR;
				CLANG_WARN_DOCUMENTATION_COMMENTS = YES;
				CLANG_WARN_EMPTY_BODY = YES;
				CLANG_WARN_ENUM_CONVERSION = YES;
				CLANG_WARN_INFINITE_RECURSION = YES;
				CLANG_WARN_INT_CONVERSION = YES;
				CLANG_WARN_NON_LITERAL_NULL_CONVERSION = YES;
				CLANG_WARN_OBJC_IMPLICIT_RETAIN_SELF = YES;
				CLANG_WARN_OBJC_LITERAL_CONVERSION = YES;
				CLANG_WARN_OBJC_ROOT_CLASS = YES_ERROR;
				CLANG_WARN_QUOTED_INCLUDE_IN_FRAMEWORK_HEADER = YES;
				CLANG_WARN_RANGE_LOOP_ANALYSIS = YES;
				CLANG_WARN_STRICT_PROTOTYPES = YES;
				CLANG_WARN_SUSPICIOUS_MOVE = YES;
				CLANG_WARN_UNGUARDED_AVAILABILITY = YES_AGGRESSIVE;
				CLANG_WARN_UNREACHABLE_CODE = YES;
				CLANG_WARN__DUPLICATE_METHOD_MATCH = YES;
				COPY_PHASE_STRIP = NO;
				DEBUG_INFORMATION_FORMAT = "dwarf-with-dsym";
				DEVELOPMENT_TEAM = 5TGUM38DL9;
				ENABLE_NS_ASSERTIONS = NO;
				ENABLE_STRICT_OBJC_MSGSEND = YES;
				ENABLE_USER_SCRIPT_SANDBOXING = YES;
				GCC_C_LANGUAGE_STANDARD = gnu17;
				GCC_NO_COMMON_BLOCKS = YES;
				GCC_WARN_64_TO_32_BIT_CONVERSION = YES;
				GCC_WARN_ABOUT_RETURN_TYPE = YES_ERROR;
				GCC_WARN_UNDECLARED_SELECTOR = YES;
				GCC_WARN_UNINITIALIZED_AUTOS = YES_AGGRESSIVE;
				GCC_WARN_UNUSED_FUNCTION = YES;
				GCC_WARN_UNUSED_VARIABLE = YES;
				INFOPLIST_KEY_NSCameraUsageDescription = "Calorie Tracker uses the camera to scan food barcodes.";
				INFOPLIST_KEY_NSHealthShareUsageDescription = "Calorie Tracker reads your Health data to personalize your calorie estimates.";
				INFOPLIST_KEY_NSHealthUpdateUsageDescription = "Calorie Tracker requests Health access so it can read your profile data to personalize calorie estimates. It does not write Health data.";
				INFOPLIST_KEY_NSMotionUsageDescription = "Calorie Tracker uses your step count to adjust your daily calorie goal.";
				INFOPLIST_KEY_NSPhotoLibraryUsageDescription = "Calorie Tracker uses your photo library to estimate portion sizes from a plate photo.";
				IPHONEOS_DEPLOYMENT_TARGET = 26.2;
				LOCALIZATION_PREFERS_STRING_CATALOGS = YES;
				MTL_ENABLE_DEBUG_INFO = NO;
				MTL_FAST_MATH = YES;
				SDKROOT = iphoneos;
				SWIFT_COMPILATION_MODE = wholemodule;
				VALIDATE_PRODUCT = YES;
			};
			name = Release;
		};
		7587F5282F5209DF00A8457B /* Debug */ = {
			isa = XCBuildConfiguration;
			buildSettings = {
				ASSETCATALOG_COMPILER_ALTERNATE_APPICON_NAMES = AppIconPink;
				ASSETCATALOG_COMPILER_APPICON_NAME = AppIcon;
				ASSETCATALOG_COMPILER_GLOBAL_ACCENT_COLOR_NAME = AccentColor;
				CODE_SIGN_ENTITLEMENTS = "Calorie Tracker/Calorie Tracker.entitlements";
				CODE_SIGN_IDENTITY = "Apple Development";
				CODE_SIGN_STYLE = Automatic;
				CURRENT_PROJECT_VERSION = 10;
				DEVELOPMENT_TEAM = 5TGUM38DL9;
				ENABLE_PREVIEWS = YES;
				GENERATE_INFOPLIST_FILE = YES;
				INFOPLIST_FILE = "Calorie-Tracker-Info.plist";
				INFOPLIST_KEY_ITSAppUsesNonExemptEncryption = NO;
				INFOPLIST_KEY_NSCameraUsageDescription = "Calorie Tracker uses the camera to scan food barcodes.";
				INFOPLIST_KEY_NSHealthShareUsageDescription = "Calorie Tracker reads your Health data to personalize your calorie estimates.";
				INFOPLIST_KEY_NSHealthUpdateUsageDescription = "Calorie Tracker requests Health access so it can read your profile data to personalize calorie estimates. It does not write Health data.";
				INFOPLIST_KEY_NSMotionUsageDescription = "Calorie Tracker uses your step count to adjust your daily calorie goal.";
				INFOPLIST_KEY_NSPhotoLibraryUsageDescription = "Calorie Tracker uses your photo library to estimate portion sizes from a plate photo.";
				INFOPLIST_KEY_UIApplicationSceneManifest_Generation = YES;
				INFOPLIST_KEY_UIApplicationSupportsIndirectInputEvents = YES;
				INFOPLIST_KEY_UILaunchScreen_Generation = YES;
				INFOPLIST_KEY_UISupportedInterfaceOrientations_iPad = "UIInterfaceOrientationPortrait UIInterfaceOrientationPortraitUpsideDown UIInterfaceOrientationLandscapeLeft UIInterfaceOrientationLandscapeRight";
				INFOPLIST_KEY_UISupportedInterfaceOrientations_iPhone = UIInterfaceOrientationPortrait;
				LD_RUNPATH_SEARCH_PATHS = (
					"$(inherited)",
					"@executable_path/Frameworks",
				);
				MARKETING_VERSION = 1.1;
				PRODUCT_BUNDLE_IDENTIFIER = "Micah.Calorie-Tracker";
				PRODUCT_NAME = "$(TARGET_NAME)";
				PROVISIONING_PROFILE_SPECIFIER = "";
				STRING_CATALOG_GENERATE_SYMBOLS = YES;
				SWIFT_APPROACHABLE_CONCURRENCY = YES;
				SWIFT_DEFAULT_ACTOR_ISOLATION = MainActor;
				SWIFT_EMIT_LOC_STRINGS = YES;
				SWIFT_UPCOMING_FEATURE_MEMBER_IMPORT_VISIBILITY = YES;
				SWIFT_VERSION = 5.0;
				TARGETED_DEVICE_FAMILY = "1,2";
			};
			name = Debug;
		};
		7587F5292F5209DF00A8457B /* Release */ = {
			isa = XCBuildConfiguration;
			buildSettings = {
				ASSETCATALOG_COMPILER_ALTERNATE_APPICON_NAMES = AppIconPink;
				ASSETCATALOG_COMPILER_APPICON_NAME = AppIcon;
				ASSETCATALOG_COMPILER_GLOBAL_ACCENT_COLOR_NAME = AccentColor;
				CODE_SIGN_ENTITLEMENTS = "Calorie Tracker/Calorie Tracker.entitlements";
				CODE_SIGN_IDENTITY = "Apple Development";
				CODE_SIGN_STYLE = Automatic;
				CURRENT_PROJECT_VERSION = 10;
				DEVELOPMENT_TEAM = 5TGUM38DL9;
				ENABLE_PREVIEWS = YES;
				GENERATE_INFOPLIST_FILE = YES;
				INFOPLIST_FILE = "Calorie-Tracker-Info.plist";
				INFOPLIST_KEY_ITSAppUsesNonExemptEncryption = NO;
				INFOPLIST_KEY_NSCameraUsageDescription = "Calorie Tracker uses the camera to scan food barcodes.";
				INFOPLIST_KEY_NSHealthShareUsageDescription = "Calorie Tracker reads your Health data to personalize your calorie estimates.";
				INFOPLIST_KEY_NSHealthUpdateUsageDescription = "Calorie Tracker requests Health access so it can read your profile data to personalize calorie estimates. It does not write Health data.";
				INFOPLIST_KEY_NSMotionUsageDescription = "Calorie Tracker uses your step count to adjust your daily calorie goal.";
				INFOPLIST_KEY_NSPhotoLibraryUsageDescription = "Calorie Tracker uses your photo library to estimate portion sizes from a plate photo.";
				INFOPLIST_KEY_UIApplicationSceneManifest_Generation = YES;
				INFOPLIST_KEY_UIApplicationSupportsIndirectInputEvents = YES;
				INFOPLIST_KEY_UILaunchScreen_Generation = YES;
				INFOPLIST_KEY_UISupportedInterfaceOrientations_iPad = "UIInterfaceOrientationPortrait UIInterfaceOrientationPortraitUpsideDown UIInterfaceOrientationLandscapeLeft UIInterfaceOrientationLandscapeRight";
				INFOPLIST_KEY_UISupportedInterfaceOrientations_iPhone = UIInterfaceOrientationPortrait;
				LD_RUNPATH_SEARCH_PATHS = (
					"$(inherited)",
					"@executable_path/Frameworks",
				);
				MARKETING_VERSION = 1.1;
				PRODUCT_BUNDLE_IDENTIFIER = "Micah.Calorie-Tracker";
				PRODUCT_NAME = "$(TARGET_NAME)";
				PROVISIONING_PROFILE_SPECIFIER = "";
				STRING_CATALOG_GENERATE_SYMBOLS = YES;
				SWIFT_APPROACHABLE_CONCURRENCY = YES;
				SWIFT_DEFAULT_ACTOR_ISOLATION = MainActor;
				SWIFT_EMIT_LOC_STRINGS = YES;
				SWIFT_UPCOMING_FEATURE_MEMBER_IMPORT_VISIBILITY = YES;
				SWIFT_VERSION = 5.0;
				TARGETED_DEVICE_FAMILY = "1,2";
			};
			name = Release;
		};
		7599AA5B2F62000100A8457B /* Debug */ = {
			isa = XCBuildConfiguration;
			buildSettings = {
				APPLICATION_EXTENSION_API_ONLY = YES;
				CODE_SIGN_ENTITLEMENTS = "Calorie Tracker Widgets/Calorie Tracker Widgets.entitlements";
				CODE_SIGN_STYLE = Automatic;
				CURRENT_PROJECT_VERSION = 9;
				DEVELOPMENT_TEAM = 5TGUM38DL9;
				GENERATE_INFOPLIST_FILE = NO;
				INFOPLIST_FILE = "Calorie-Tracker-Widgets-Info.plist";
				IPHONEOS_DEPLOYMENT_TARGET = 26.2;
				LD_RUNPATH_SEARCH_PATHS = (
					"$(inherited)",
					"@executable_path/Frameworks",
					"@executable_path/../../Frameworks",
				);
				MARKETING_VERSION = 1.1;
				PRODUCT_BUNDLE_IDENTIFIER = "Micah.Calorie-Tracker.widgets";
				PRODUCT_NAME = "$(TARGET_NAME)";
				SKIP_INSTALL = YES;
				SWIFT_EMIT_LOC_STRINGS = NO;
				SWIFT_VERSION = 5.0;
				TARGETED_DEVICE_FAMILY = "1,2";
			};
			name = Debug;
		};
		7599AA5C2F62000100A8457B /* Release */ = {
			isa = XCBuildConfiguration;
			buildSettings = {
				APPLICATION_EXTENSION_API_ONLY = YES;
				CODE_SIGN_ENTITLEMENTS = "Calorie Tracker Widgets/Calorie Tracker Widgets.entitlements";
				CODE_SIGN_STYLE = Automatic;
				CURRENT_PROJECT_VERSION = 9;
				DEVELOPMENT_TEAM = 5TGUM38DL9;
				GENERATE_INFOPLIST_FILE = NO;
				INFOPLIST_FILE = "Calorie-Tracker-Widgets-Info.plist";
				IPHONEOS_DEPLOYMENT_TARGET = 26.2;
				LD_RUNPATH_SEARCH_PATHS = (
					"$(inherited)",
					"@executable_path/Frameworks",
					"@executable_path/../../Frameworks",
				);
				MARKETING_VERSION = 1.1;
				PRODUCT_BUNDLE_IDENTIFIER = "Micah.Calorie-Tracker.widgets";
				PRODUCT_NAME = "$(TARGET_NAME)";
				SKIP_INSTALL = YES;
				SWIFT_EMIT_LOC_STRINGS = NO;
				SWIFT_VERSION = 5.0;
				TARGETED_DEVICE_FAMILY = "1,2";
			};
			name = Release;
		};
		75A100092F53000100A8457B /* Debug */ = {
			isa = XCBuildConfiguration;
			buildSettings = {
				ALWAYS_EMBED_SWIFT_STANDARD_LIBRARIES = YES;
				CODE_SIGN_STYLE = Automatic;
				CURRENT_PROJECT_VERSION = 1;
				DEVELOPMENT_TEAM = 5TGUM38DL9;
				GENERATE_INFOPLIST_FILE = YES;
				IPHONEOS_DEPLOYMENT_TARGET = 26.2;
				LD_RUNPATH_SEARCH_PATHS = (
					"$(inherited)",
					"@executable_path/Frameworks",
					"@loader_path/Frameworks",
				);
				MARKETING_VERSION = 1.0;
				PRODUCT_BUNDLE_IDENTIFIER = "Micah.Calorie-TrackerUITests";
				PRODUCT_MODULE_NAME = Calorie_TrackerUITests;
				PRODUCT_NAME = "$(TARGET_NAME)";
				SDKROOT = iphoneos;
				SWIFT_EMIT_LOC_STRINGS = NO;
				SWIFT_VERSION = 5.0;
				TARGETED_DEVICE_FAMILY = "1,2";
				TEST_TARGET_NAME = "Calorie Tracker";
			};
			name = Debug;
		};
		75A1000A2F53000100A8457B /* Release */ = {
			isa = XCBuildConfiguration;
			buildSettings = {
				ALWAYS_EMBED_SWIFT_STANDARD_LIBRARIES = YES;
				CODE_SIGN_STYLE = Automatic;
				CURRENT_PROJECT_VERSION = 1;
				DEVELOPMENT_TEAM = 5TGUM38DL9;
				GENERATE_INFOPLIST_FILE = YES;
				IPHONEOS_DEPLOYMENT_TARGET = 26.2;
				LD_RUNPATH_SEARCH_PATHS = (
					"$(inherited)",
					"@executable_path/Frameworks",
					"@loader_path/Frameworks",
				);
				MARKETING_VERSION = 1.0;
				PRODUCT_BUNDLE_IDENTIFIER = "Micah.Calorie-TrackerUITests";
				PRODUCT_MODULE_NAME = Calorie_TrackerUITests;
				PRODUCT_NAME = "$(TARGET_NAME)";
				SDKROOT = iphoneos;
				SWIFT_EMIT_LOC_STRINGS = NO;
				SWIFT_VERSION = 5.0;
				TARGETED_DEVICE_FAMILY = "1,2";
				TEST_TARGET_NAME = "Calorie Tracker";
			};
			name = Release;
		};
/* End XCBuildConfiguration section */

/* Begin XCConfigurationList section */
		7587F5172F5209DE00A8457B /* Build configuration list for PBXProject "Calorie Tracker" */ = {
			isa = XCConfigurationList;
			buildConfigurations = (
				7587F5252F5209DF00A8457B /* Debug */,
				7587F5262F5209DF00A8457B /* Release */,
			);
			defaultConfigurationIsVisible = 0;
			defaultConfigurationName = Release;
		};
		7587F5272F5209DF00A8457B /* Build configuration list for PBXNativeTarget "Calorie Tracker" */ = {
			isa = XCConfigurationList;
			buildConfigurations = (
				7587F5282F5209DF00A8457B /* Debug */,
				7587F5292F5209DF00A8457B /* Release */,
			);
			defaultConfigurationIsVisible = 0;
			defaultConfigurationName = Release;
		};
		7599AA5D2F62000100A8457B /* Build configuration list for PBXNativeTarget "Calorie Tracker Widgets" */ = {
			isa = XCConfigurationList;
			buildConfigurations = (
				7599AA5B2F62000100A8457B /* Debug */,
				7599AA5C2F62000100A8457B /* Release */,
			);
			defaultConfigurationIsVisible = 0;
			defaultConfigurationName = Release;
		};
		75A1000B2F53000100A8457B /* Build configuration list for PBXNativeTarget "Calorie TrackerUITests" */ = {
			isa = XCConfigurationList;
			buildConfigurations = (
				75A100092F53000100A8457B /* Debug */,
				75A1000A2F53000100A8457B /* Release */,
			);
			defaultConfigurationIsVisible = 0;
			defaultConfigurationName = Release;
		};
/* End XCConfigurationList section */
	};
	rootObject = 7587F5142F5209DE00A8457B /* Project object */;
}
