// !$*UTF8*$!
{
	archiveVersion = 1;
	classes = {
	};
	objectVersion = 77;
	objects = {

/* Begin PBXBuildFile section */
		0AF8E8DA3ADF46D24309B61A /* WatchCalorieStore.swift in Sources */ = {isa = PBXBuildFile; fileRef = DD2448BC985234B9DBB9B96A /* WatchCalorieStore.swift */; };
		111045795BF1F17422710B3C /* Assets.xcassets in Resources */ = {isa = PBXBuildFile; fileRef = 951C855B42F8E97A9DB85827 /* Assets.xcassets */; };
		1A9F2C7B18E143DE9A4AF006 /* Calorie Tracker Watch.app in Embed Watch Content */ = {isa = PBXBuildFile; fileRef = 694DD78A50B954F2C8C0058E /* Calorie Tracker Watch.app */; };
		2D4E6A812C9F4B6E8A1D3F70 /* Calorie Tracker Widgets.appex in Embed App Extensions */ = {isa = PBXBuildFile; fileRef = 7599AA502F62000100A8457B /* Calorie Tracker Widgets.appex */; settings = {ATTRIBUTES = (RemoveHeadersOnCopy, ); }; };
		3B9D04E6AE99456AADC9E45F /* CalibrationEngine.swift in Sources */ = {isa = PBXBuildFile; fileRef = CCE94B6A11834CBCA77A2604 /* CalibrationEngine.swift */; };
		6B2A90002F70000100A8457B /* FirebaseCore in Frameworks */ = {isa = PBXBuildFile; productRef = 6B2A90022F70000100A8457B /* FirebaseCore */; };
		6B2A90012F70000100A8457B /* FirebaseAppCheck in Frameworks */ = {isa = PBXBuildFile; productRef = 6B2A90032F70000100A8457B /* FirebaseAppCheck */; };
		7599AA562F62000100A8457B /* Calorie Tracker Widgets.appex in Embed App Extensions */ = {isa = PBXBuildFile; fileRef = 7599AA502F62000100A8457B /* Calorie Tracker Widgets.appex */; settings = {ATTRIBUTES = (RemoveHeadersOnCopy, ); }; };
		97BC18349E10C32914BD87E3 /* CalorieTrackerWatchMVPApp.swift in Sources */ = {isa = PBXBuildFile; fileRef = 2BA400B2873148EB85090C68 /* CalorieTrackerWatchMVPApp.swift */; };
		D057AF91C786E2A34800A166 /* WatchSyncService.swift in Sources */ = {isa = PBXBuildFile; fileRef = CA1EC2F5563DD928FDC5F12E /* WatchSyncService.swift */; };
		DE91529CCF74891863181411 /* Foundation.framework in Frameworks */ = {isa = PBXBuildFile; fileRef = 394A2D1B7F3521740085021C /* Foundation.framework */; };
		FA1650C3B7EAF2B336074587 /* DashboardView.swift in Sources */ = {isa = PBXBuildFile; fileRef = 10B06D7DA13A5540BBB7CB0E /* DashboardView.swift */; };
/* End PBXBuildFile section */

/* Begin PBXContainerItemProxy section */
		2E31CB7439A94B7BB94E3C08 /* PBXContainerItemProxy */ = {
			isa = PBXContainerItemProxy;
			containerPortal = 7587F5142F5209DE00A8457B /* Project object */;
			proxyType = 1;
			remoteGlobalIDString = 248280C7D44C147F11F395BA;
			remoteInfo = "Calorie Tracker Watch";
		};
		6B52FCADB8774B1D98DD887B /* PBXContainerItemProxy */ = {
			isa = PBXContainerItemProxy;
			containerPortal = 7587F5142F5209DE00A8457B /* Project object */;
			proxyType = 1;
			remoteGlobalIDString = 7587F51B2F5209DE00A8457B;
			remoteInfo = "Calorie Tracker";
		};
		7599AA572F62000100A8457B /* PBXContainerItemProxy */ = {
			isa = PBXContainerItemProxy;
			containerPortal = 7587F5142F5209DE00A8457B /* Project object */;
			proxyType = 1;
			remoteGlobalIDString = 7599AA4E2F62000100A8457B;
			remoteInfo = "Calorie Tracker Widgets";
		};
		75A100072F53000100A8457B /* PBXContainerItemProxy */ = {
			isa = PBXContainerItemProxy;
			containerPortal = 7587F5142F5209DE00A8457B /* Project object */;
			proxyType = 1;
			remoteGlobalIDString = 7587F51B2F5209DE00A8457B;
			remoteInfo = "Calorie Tracker";
		};
/* End PBXContainerItemProxy section */

/* Begin PBXCopyFilesBuildPhase section */
		31AE95235A6A4B438AF2DB0B /* Embed Watch Content */ = {
			isa = PBXCopyFilesBuildPhase;
			buildActionMask = 2147483647;
			dstPath = "$(CONTENTS_FOLDER_PATH)/Watch";
			dstSubfolderSpec = 16;
			files = (
				1A9F2C7B18E143DE9A4AF006 /* Calorie Tracker Watch.app in Embed Watch Content */,
			);
			name = "Embed Watch Content";
			runOnlyForDeploymentPostprocessing = 0;
		};
		7599AA542F62000100A8457B /* Embed App Extensions */ = {
			isa = PBXCopyFilesBuildPhase;
			buildActionMask = 2147483647;
			dstPath = "";
			dstSubfolderSpec = 13;
			files = (
				7599AA562F62000100A8457B /* Calorie Tracker Widgets.appex in Embed App Extensions */,
			);
			name = "Embed App Extensions";
			runOnlyForDeploymentPostprocessing = 0;
		};
		A7C3E18D5B6F42F7B4D9A2C1 /* Embed App Extensions */ = {
			isa = PBXCopyFilesBuildPhase;
			buildActionMask = 2147483647;
			dstPath = "";
			dstSubfolderSpec = 13;
			files = (
				2D4E6A812C9F4B6E8A1D3F70 /* Calorie Tracker Widgets.appex in Embed App Extensions */,
			);
			name = "Embed App Extensions";
			runOnlyForDeploymentPostprocessing = 0;
		};
/* End PBXCopyFilesBuildPhase section */

/* Begin PBXFileReference section */
		10B06D7DA13A5540BBB7CB0E /* DashboardView.swift */ = {isa = PBXFileReference; includeInIndex = 1; lastKnownFileType = sourcecode.swift; name = DashboardView.swift; path = "Calorie Tracker Watch/DashboardView.swift"; sourceTree = "<group>"; };
		2BA400B2873148EB85090C68 /* CalorieTrackerWatchMVPApp.swift */ = {isa = PBXFileReference; includeInIndex = 1; lastKnownFileType = sourcecode.swift; name = CalorieTrackerWatchMVPApp.swift; path = "Calorie Tracker Watch/CalorieTrackerWatchMVPApp.swift"; sourceTree = "<group>"; };
		394A2D1B7F3521740085021C /* Foundation.framework */ = {isa = PBXFileReference; lastKnownFileType = wrapper.framework; name = Foundation.framework; path = Platforms/WatchOS.platform/Developer/SDKs/WatchOS11.0.sdk/System/Library/Frameworks/Foundation.framework; sourceTree = DEVELOPER_DIR; };
		3A658497F2964DC6877299CA /* Calorie TrackerTests.xctest */ = {isa = PBXFileReference; explicitFileType = wrapper.cfbundle; includeInIndex = 0; path = "Calorie TrackerTests.xctest"; sourceTree = BUILT_PRODUCTS_DIR; };
		694DD78A50B954F2C8C0058E /* Calorie Tracker Watch.app */ = {isa = PBXFileReference; explicitFileType = wrapper.application; includeInIndex = 0; path = "Calorie Tracker Watch.app"; sourceTree = BUILT_PRODUCTS_DIR; };
		7587F51C2F5209DE00A8457B /* Calorie Tracker.app */ = {isa = PBXFileReference; explicitFileType = wrapper.application; includeInIndex = 0; path = "Calorie Tracker.app"; sourceTree = BUILT_PRODUCTS_DIR; };
		7599AA502F62000100A8457B /* Calorie Tracker Widgets.appex */ = {isa = PBXFileReference; explicitFileType = "wrapper.app-extension"; includeInIndex = 0; path = "Calorie Tracker Widgets.appex"; sourceTree = BUILT_PRODUCTS_DIR; };
		75A100012F53000100A8457B /* Calorie TrackerUITests.xctest */ = {isa = PBXFileReference; explicitFileType = wrapper.cfbundle; includeInIndex = 0; path = "Calorie TrackerUITests.xctest"; sourceTree = BUILT_PRODUCTS_DIR; };
		951C855B42F8E97A9DB85827 /* Assets.xcassets */ = {isa = PBXFileReference; includeInIndex = 1; lastKnownFileType = folder.assetcatalog; name = Assets.xcassets; path = "Calorie Tracker Watch/Assets.xcassets"; sourceTree = "<group>"; };
		CA1EC2F5563DD928FDC5F12E /* WatchSyncService.swift */ = {isa = PBXFileReference; includeInIndex = 1; lastKnownFileType = sourcecode.swift; name = WatchSyncService.swift; path = "Calorie Tracker Watch/WatchSyncService.swift"; sourceTree = "<group>"; };
		CCE94B6A11834CBCA77A2604 /* CalibrationEngine.swift */ = {isa = PBXFileReference; includeInIndex = 1; lastKnownFileType = sourcecode.swift; name = CalibrationEngine.swift; path = "Calorie Tracker/CalibrationEngine.swift"; sourceTree = "<group>"; };
		DD2448BC985234B9DBB9B96A /* WatchCalorieStore.swift */ = {isa = PBXFileReference; includeInIndex = 1; lastKnownFileType = sourcecode.swift; name = WatchCalorieStore.swift; path = "Calorie Tracker Watch/WatchCalorieStore.swift"; sourceTree = "<group>"; };
		FCCE98E1B53528D993D3A116 /* Info.plist */ = {isa = PBXFileReference; includeInIndex = 1; lastKnownFileType = text.plist.xml; name = Info.plist; path = "Calorie Tracker Watch/Info.plist"; sourceTree = "<group>"; };
/* End PBXFileReference section */

/* Begin PBXFileSystemSynchronizedRootGroup section */
		7587F51E2F5209DE00A8457B /* Calorie Tracker */ = {
			isa = PBXFileSystemSynchronizedRootGroup;
			path = "Calorie Tracker";
			sourceTree = "<group>";
		};
		7599AA512F62000100A8457B /* Calorie Tracker Widgets */ = {
			isa = PBXFileSystemSynchronizedRootGroup;
			path = "Calorie Tracker Widgets";
			sourceTree = "<group>";
		};
		75A100022F53000100A8457B /* Calorie TrackerUITests */ = {
			isa = PBXFileSystemSynchronizedRootGroup;
			path = "Calorie TrackerUITests";
			sourceTree = "<group>";
		};
		CA0007C8301840DD9A660FAA /* Calorie TrackerTests */ = {
			isa = PBXFileSystemSynchronizedRootGroup;
			path = "Calorie TrackerTests";
			sourceTree = "<group>";
		};
/* End PBXFileSystemSynchronizedRootGroup section */

/* Begin PBXFrameworksBuildPhase section */
		37AF271EF01E3D82A0428C2A /* Frameworks */ = {
			isa = PBXFrameworksBuildPhase;
			buildActionMask = 2147483647;
			files = (
				DE91529CCF74891863181411 /* Foundation.framework in Frameworks */,
			);
			runOnlyForDeploymentPostprocessing = 0;
		};
		7587F5192F5209DE00A8457B /* Frameworks */ = {
			isa = PBXFrameworksBuildPhase;
			buildActionMask = 2147483647;
			files = (
				6B2A90012F70000100A8457B /* FirebaseAppCheck in Frameworks */,
				6B2A90002F70000100A8457B /* FirebaseCore in Frameworks */,
			);
			runOnlyForDeploymentPostprocessing = 0;
		};
		7599AA532F62000100A8457B /* Frameworks */ = {
			isa = PBXFrameworksBuildPhase;
			buildActionMask = 2147483647;
			files = (
			);
			runOnlyForDeploymentPostprocessing = 0;
		};
		75A100032F53000100A8457B /* Frameworks */ = {
			isa = PBXFrameworksBuildPhase;
			buildActionMask = 2147483647;
			files = (
			);
			runOnlyForDeploymentPostprocessing = 0;
		};
		9470017D58F944D7B94230E2 /* Frameworks */ = {
			isa = PBXFrameworksBuildPhase;
			buildActionMask = 2147483647;
			files = (
			);
			runOnlyForDeploymentPostprocessing = 0;
		};
/* End PBXFrameworksBuildPhase section */

/* Begin PBXGroup section */
		70B53E233B48861D7345D5F5 /* watchOS */ = {
			isa = PBXGroup;
			children = (
				394A2D1B7F3521740085021C /* Foundation.framework */,
			);
			name = watchOS;
			sourceTree = "<group>";
		};
		7587F5132F5209DE00A8457B = {
			isa = PBXGroup;
			children = (
				7587F51E2F5209DE00A8457B /* Calorie Tracker */,
				7599AA512F62000100A8457B /* Calorie Tracker Widgets */,
				75A100022F53000100A8457B /* Calorie TrackerUITests */,
				CA0007C8301840DD9A660FAA /* Calorie TrackerTests */,
				7587F51D2F5209DE00A8457B /* Products */,
				C39B686B64D8A474AB857652 /* Frameworks */,
				87E9FAD39E17C3F9F99DBC59 /* Calorie Tracker Watch */,
				75D1A9A92F71E0E20075965B /* Recovered References */,
			);
			sourceTree = "<group>";
		};
		7587F51D2F5209DE00A8457B /* Products */ = {
			isa = PBXGroup;
			children = (
				7587F51C2F5209DE00A8457B /* Calorie Tracker.app */,
				7599AA502F62000100A8457B /* Calorie Tracker Widgets.appex */,
				75A100012F53000100A8457B /* Calorie TrackerUITests.xctest */,
				3A658497F2964DC6877299CA /* Calorie TrackerTests.xctest */,
				694DD78A50B954F2C8C0058E /* Calorie Tracker Watch.app */,
			);
			name = Products;
			sourceTree = "<group>";
		};
		75D1A9A92F71E0E20075965B /* Recovered References */ = {
			isa = PBXGroup;
			children = (
				CCE94B6A11834CBCA77A2604 /* CalibrationEngine.swift */,
			);
			name = "Recovered References";
			sourceTree = "<group>";
		};
		87E9FAD39E17C3F9F99DBC59 /* Calorie Tracker Watch */ = {
			isa = PBXGroup;
			children = (
				2BA400B2873148EB85090C68 /* CalorieTrackerWatchMVPApp.swift */,
				10B06D7DA13A5540BBB7CB0E /* DashboardView.swift */,
				DD2448BC985234B9DBB9B96A /* WatchCalorieStore.swift */,
				CA1EC2F5563DD928FDC5F12E /* WatchSyncService.swift */,
				FCCE98E1B53528D993D3A116 /* Info.plist */,
				951C855B42F8E97A9DB85827 /* Assets.xcassets */,
			);
			name = "Calorie Tracker Watch";
			sourceTree = SOURCE_ROOT;
		};
		C39B686B64D8A474AB857652 /* Frameworks */ = {
			isa = PBXGroup;
			children = (
				70B53E233B48861D7345D5F5 /* watchOS */,
			);
			name = Frameworks;
			sourceTree = "<group>";
		};
/* End PBXGroup section */

/* Begin PBXNativeTarget section */
		248280C7D44C147F11F395BA /* Calorie Tracker Watch */ = {
			isa = PBXNativeTarget;
			buildConfigurationList = 89EBEDCF66AA6971FAE8AF1D /* Build configuration list for PBXNativeTarget "Calorie Tracker Watch" */;
			buildPhases = (
				3974E08A88F3EB90489D4693 /* Sources */,
				37AF271EF01E3D82A0428C2A /* Frameworks */,
				E243877D0542469BBA53EC33 /* Resources */,
				A7C3E18D5B6F42F7B4D9A2C1 /* Embed App Extensions */,
			);
			buildRules = (
			);
			dependencies = (
				C9B4F2D38E1A4C7DB5F0A612 /* PBXTargetDependency */,
			);
			name = "Calorie Tracker Watch";
			productName = "Calorie Tracker Watch";
			productReference = 694DD78A50B954F2C8C0058E /* Calorie Tracker Watch.app */;
			productType = "com.apple.product-type.application";
		};
		7587F51B2F5209DE00A8457B /* Calorie Tracker */ = {
			isa = PBXNativeTarget;
			buildConfigurationList = 7587F5272F5209DF00A8457B /* Build configuration list for PBXNativeTarget "Calorie Tracker" */;
			buildPhases = (
				7587F5182F5209DE00A8457B /* Sources */,
				7587F5192F5209DE00A8457B /* Frameworks */,
				7587F51A2F5209DE00A8457B /* Resources */,
				31AE95235A6A4B438AF2DB0B /* Embed Watch Content */,
				7599AA542F62000100A8457B /* Embed App Extensions */,
			);
			buildRules = (
			);
			dependencies = (
				52C27B5BC9E64B09BA7B5439 /* PBXTargetDependency */,
				7599AA582F62000100A8457B /* PBXTargetDependency */,
			);
			fileSystemSynchronizedGroups = (
				7587F51E2F5209DE00A8457B /* Calorie Tracker */,
			);
			name = "Calorie Tracker";
			packageProductDependencies = (
				6B2A90022F70000100A8457B /* FirebaseCore */,
				6B2A90032F70000100A8457B /* FirebaseAppCheck */,
			);
			productName = "Calorie Tracker";
			productReference = 7587F51C2F5209DE00A8457B /* Calorie Tracker.app */;
			productType = "com.apple.product-type.application";
		};
		7599AA4E2F62000100A8457B /* Calorie Tracker Widgets */ = {
			isa = PBXNativeTarget;
			buildConfigurationList = 7599AA5D2F62000100A8457B /* Build configuration list for PBXNativeTarget "Calorie Tracker Widgets" */;
			buildPhases = (
				7599AA522F62000100A8457B /* Sources */,
				7599AA532F62000100A8457B /* Frameworks */,
				7599AA552F62000100A8457B /* Resources */,
			);
			buildRules = (
			);
			dependencies = (
			);
			fileSystemSynchronizedGroups = (
				7599AA512F62000100A8457B /* Calorie Tracker Widgets */,
			);
			name = "Calorie Tracker Widgets";
			productName = "Calorie Tracker Widgets";
			productReference = 7599AA502F62000100A8457B /* Calorie Tracker Widgets.appex */;
			productType = "com.apple.product-type.app-extension";
		};
		75A100062F53000100A8457B /* Calorie TrackerUITests */ = {
			isa = PBXNativeTarget;
			buildConfigurationList = 75A1000B2F53000100A8457B /* Build configuration list for PBXNativeTarget "Calorie TrackerUITests" */;
			buildPhases = (
				75A100052F53000100A8457B /* Sources */,
				75A100032F53000100A8457B /* Frameworks */,
				75A100042F53000100A8457B /* Resources */,
			);
			buildRules = (
			);
			dependencies = (
				75A100082F53000100A8457B /* PBXTargetDependency */,
			);
			fileSystemSynchronizedGroups = (
				75A100022F53000100A8457B /* Calorie TrackerUITests */,
			);
			name = "Calorie TrackerUITests";
			productName = "Calorie TrackerUITests";
			productReference = 75A100012F53000100A8457B /* Calorie TrackerUITests.xctest */;
			productType = "com.apple.product-type.bundle.ui-testing";
		};
		FD2ABDDC71654BC4977F1760 /* Calorie TrackerTests */ = {
			isa = PBXNativeTarget;
			buildConfigurationList = 222BD5DFE5B84A8589E84351 /* Build configuration list for PBXNativeTarget "Calorie TrackerTests" */;
			buildPhases = (
				8D765289462C449FBBC00452 /* Sources */,
				9470017D58F944D7B94230E2 /* Frameworks */,
				5640FC1885C4400894AA9576 /* Resources */,
			);
			buildRules = (
			);
			dependencies = (
				45E3A98C5A6F41BEBF23071D /* PBXTargetDependency */,
			);
			fileSystemSynchronizedGroups = (
				CA0007C8301840DD9A660FAA /* Calorie TrackerTests */,
			);
			name = "Calorie TrackerTests";
			productName = "Calorie TrackerTests";
			productReference = 3A658497F2964DC6877299CA /* Calorie TrackerTests.xctest */;
			productType = "com.apple.product-type.bundle.unit-test";
		};
/* End PBXNativeTarget section */

/* Begin PBXProject section */
		7587F5142F5209DE00A8457B /* Project object */ = {
			isa = PBXProject;
			attributes = {
				BuildIndependentTargetsInParallel = 1;
				LastSwiftUpdateCheck = 2620;
				LastUpgradeCheck = 2620;
				TargetAttributes = {
					7587F51B2F5209DE00A8457B = {
						CreatedOnToolsVersion = 26.2;
					};
					7599AA4E2F62000100A8457B = {
						CreatedOnToolsVersion = 26.2;
					};
					75A100062F53000100A8457B = {
						CreatedOnToolsVersion = 26.2;
						TestTargetID = 7587F51B2F5209DE00A8457B;
					};
					FD2ABDDC71654BC4977F1760 = {
						CreatedOnToolsVersion = 26.2;
						TestTargetID = 7587F51B2F5209DE00A8457B;
					};
				};
			};
			buildConfigurationList = 7587F5172F5209DE00A8457B /* Build configuration list for PBXProject "Calorie Tracker" */;
			developmentRegion = en;
			hasScannedForEncodings = 0;
			knownRegions = (
				en,
				Base,
			);
			mainGroup = 7587F5132F5209DE00A8457B;
			minimizedProjectReferenceProxies = 1;
			packageReferences = (
				6B2A90042F70000100A8457B /* XCRemoteSwiftPackageReference "firebase-ios-sdk" */,
			);
			preferredProjectObjectVersion = 77;
			productRefGroup = 7587F51D2F5209DE00A8457B /* Products */;
			projectDirPath = "";
			projectRoot = "";
			targets = (
				7587F51B2F5209DE00A8457B /* Calorie Tracker */,
				7599AA4E2F62000100A8457B /* Calorie Tracker Widgets */,
				75A100062F53000100A8457B /* Calorie TrackerUITests */,
				FD2ABDDC71654BC4977F1760 /* Calorie TrackerTests */,
				248280C7D44C147F11F395BA /* Calorie Tracker Watch */,
			);
		};
/* End PBXProject section */

/* Begin PBXResourcesBuildPhase section */
		5640FC1885C4400894AA9576 /* Resources */ = {
			isa = PBXResourcesBuildPhase;
			buildActionMask = 2147483647;
			files = (
			);
			runOnlyForDeploymentPostprocessing = 0;
		};
		7587F51A2F5209DE00A8457B /* Resources */ = {
			isa = PBXResourcesBuildPhase;
			buildActionMask = 2147483647;
			files = (
			);
			runOnlyForDeploymentPostprocessing = 0;
		};
		7599AA552F62000100A8457B /* Resources */ = {
			isa = PBXResourcesBuildPhase;
			buildActionMask = 2147483647;
			files = (
			);
			runOnlyForDeploymentPostprocessing = 0;
		};
		75A100042F53000100A8457B /* Resources */ = {
			isa = PBXResourcesBuildPhase;
			buildActionMask = 2147483647;
			files = (
			);
			runOnlyForDeploymentPostprocessing = 0;
		};
		E243877D0542469BBA53EC33 /* Resources */ = {
			isa = PBXResourcesBuildPhase;
			buildActionMask = 2147483647;
			files = (
				111045795BF1F17422710B3C /* Assets.xcassets in Resources */,
			);
			runOnlyForDeploymentPostprocessing = 0;
		};
/* End PBXResourcesBuildPhase section */

/* Begin PBXSourcesBuildPhase section */
		3974E08A88F3EB90489D4693 /* Sources */ = {
			isa = PBXSourcesBuildPhase;
			buildActionMask = 2147483647;
			files = (
				97BC18349E10C32914BD87E3 /* CalorieTrackerWatchMVPApp.swift in Sources */,
				FA1650C3B7EAF2B336074587 /* DashboardView.swift in Sources */,
				0AF8E8DA3ADF46D24309B61A /* WatchCalorieStore.swift in Sources */,
				D057AF91C786E2A34800A166 /* WatchSyncService.swift in Sources */,
			);
			runOnlyForDeploymentPostprocessing = 0;
		};
		7587F5182F5209DE00A8457B /* Sources */ = {
			isa = PBXSourcesBuildPhase;
			buildActionMask = 2147483647;
			files = (
			);
			runOnlyForDeploymentPostprocessing = 0;
		};
		7599AA522F62000100A8457B /* Sources */ = {
			isa = PBXSourcesBuildPhase;
			buildActionMask = 2147483647;
			files = (
			);
			runOnlyForDeploymentPostprocessing = 0;
		};
		75A100052F53000100A8457B /* Sources */ = {
			isa = PBXSourcesBuildPhase;
			buildActionMask = 2147483647;
			files = (
			);
			runOnlyForDeploymentPostprocessing = 0;
		};
		8D765289462C449FBBC00452 /* Sources */ = {
			isa = PBXSourcesBuildPhase;
			buildActionMask = 2147483647;
			files = (
				3B9D04E6AE99456AADC9E45F /* CalibrationEngine.swift in Sources */,
			);
			runOnlyForDeploymentPostprocessing = 0;
		};
/* End PBXSourcesBuildPhase section */

/* Begin PBXTargetDependency section */
		45E3A98C5A6F41BEBF23071D /* PBXTargetDependency */ = {
			isa = PBXTargetDependency;
			target = 7587F51B2F5209DE00A8457B /* Calorie Tracker */;
			targetProxy = 6B52FCADB8774B1D98DD887B /* PBXContainerItemProxy */;
		};
		52C27B5BC9E64B09BA7B5439 /* PBXTargetDependency */ = {
			isa = PBXTargetDependency;
			target = 248280C7D44C147F11F395BA /* Calorie Tracker Watch */;
			targetProxy = 2E31CB7439A94B7BB94E3C08 /* PBXContainerItemProxy */;
		};
		7599AA582F62000100A8457B /* PBXTargetDependency */ = {
			isa = PBXTargetDependency;
			target = 7599AA4E2F62000100A8457B /* Calorie Tracker Widgets */;
			targetProxy = 7599AA572F62000100A8457B /* PBXContainerItemProxy */;
		};
		75A100082F53000100A8457B /* PBXTargetDependency */ = {
			isa = PBXTargetDependency;
			target = 7587F51B2F5209DE00A8457B /* Calorie Tracker */;
			targetProxy = 75A100072F53000100A8457B /* PBXContainerItemProxy */;
		};
		C9B4F2D38E1A4C7DB5F0A612 /* PBXTargetDependency */ = {
			isa = PBXTargetDependency;
			target = 7599AA4E2F62000100A8457B /* Calorie Tracker Widgets */;
			targetProxy = 7599AA572F62000100A8457B /* PBXContainerItemProxy */;
		};
/* End PBXTargetDependency section */

/* Begin XCBuildConfiguration section */
		7587F5252F5209DF00A8457B /* Debug */ = {
			isa = XCBuildConfiguration;
			buildSettings = {
				ALWAYS_SEARCH_USER_PATHS = NO;
				ASSETCATALOG_COMPILER_GENERATE_SWIFT_ASSET_SYMBOL_EXTENSIONS = YES;
				CLANG_ANALYZER_NONNULL = YES;
				CLANG_ANALYZER_NUMBER_OBJECT_CONVERSION = YES_AGGRESSIVE;
				CLANG_CXX_LANGUAGE_STANDARD = "gnu++20";
				CLANG_ENABLE_MODULES = YES;
				CLANG_ENABLE_OBJC_ARC = YES;
				CLANG_ENABLE_OBJC_WEAK = YES;
				CLANG_WARN_BLOCK_CAPTURE_AUTORELEASING = YES;
				CLANG_WARN_BOOL_CONVERSION = YES;
				CLANG_WARN_COMMA = YES;
				CLANG_WARN_CONSTANT_CONVERSION = YES;
				CLANG_WARN_DEPRECATED_OBJC_IMPLEMENTATIONS = YES;
				CLANG_WARN_DIRECT_OBJC_ISA_USAGE = YES_ERROR;
				CLANG_WARN_DOCUMENTATION_COMMENTS = YES;
				CLANG_WARN_EMPTY_BODY = YES;
				CLANG_WARN_ENUM_CONVERSION = YES;
				CLANG_WARN_INFINITE_RECURSION = YES;
				CLANG_WARN_INT_CONVERSION = YES;
				CLANG_WARN_NON_LITERAL_NULL_CONVERSION = YES;
				CLANG_WARN_OBJC_IMPLICIT_RETAIN_SELF = YES;
				CLANG_WARN_OBJC_LITERAL_CONVERSION = YES;
				CLANG_WARN_OBJC_ROOT_CLASS = YES_ERROR;
				CLANG_WARN_QUOTED_INCLUDE_IN_FRAMEWORK_HEADER = YES;
				CLANG_WARN_RANGE_LOOP_ANALYSIS = YES;
				CLANG_WARN_STRICT_PROTOTYPES = YES;
				CLANG_WARN_SUSPICIOUS_MOVE = YES;
				CLANG_WARN_UNGUARDED_AVAILABILITY = YES_AGGRESSIVE;
				CLANG_WARN_UNREACHABLE_CODE = YES;
				CLANG_WARN__DUPLICATE_METHOD_MATCH = YES;
				COPY_PHASE_STRIP = NO;
				DEBUG_INFORMATION_FORMAT = dwarf;
				DEVELOPMENT_TEAM = 5TGUM38DL9;
				ENABLE_STRICT_OBJC_MSGSEND = YES;
				ENABLE_TESTABILITY = YES;
				ENABLE_USER_SCRIPT_SANDBOXING = YES;
				GCC_C_LANGUAGE_STANDARD = gnu17;
				GCC_DYNAMIC_NO_PIC = NO;
				GCC_NO_COMMON_BLOCKS = YES;
				GCC_OPTIMIZATION_LEVEL = 0;
				GCC_PREPROCESSOR_DEFINITIONS = (
					"DEBUG=1",
					"$(inherited)",
				);
				GCC_WARN_64_TO_32_BIT_CONVERSION = YES;
				GCC_WARN_ABOUT_RETURN_TYPE = YES_ERROR;
				GCC_WARN_UNDECLARED_SELECTOR = YES;
				GCC_WARN_UNINITIALIZED_AUTOS = YES_AGGRESSIVE;
				GCC_WARN_UNUSED_FUNCTION = YES;
				GCC_WARN_UNUSED_VARIABLE = YES;
				INFOPLIST_KEY_NSCameraUsageDescription = "Calorie Tracker uses the camera to scan food barcodes.";
				INFOPLIST_KEY_NSHealthShareUsageDescription = "Calorie Tracker reads your Health data to personalize your calorie estimates.";
				INFOPLIST_KEY_NSHealthUpdateUsageDescription = "Calorie Tracker requests Health access so it can read your profile data to personalize calorie estimates. It does not write Health data.";
				INFOPLIST_KEY_NSMotionUsageDescription = "Calorie Tracker uses your step count to adjust your daily calorie goal.";
				INFOPLIST_KEY_NSPhotoLibraryUsageDescription = "Calorie Tracker uses your photo library to estimate portion sizes from a plate photo.";
				IPHONEOS_DEPLOYMENT_TARGET = 26.2;
				LOCALIZATION_PREFERS_STRING_CATALOGS = YES;
				MTL_ENABLE_DEBUG_INFO = INCLUDE_SOURCE;
				MTL_FAST_MATH = YES;
				ONLY_ACTIVE_ARCH = YES;
				SDKROOT = iphoneos;
				SWIFT_ACTIVE_COMPILATION_CONDITIONS = "DEBUG $(inherited)";
				SWIFT_OPTIMIZATION_LEVEL = "-Onone";
			};
			name = Debug;
		};
		7587F5262F5209DF00A8457B /* Release */ = {
			isa = XCBuildConfiguration;
			buildSettings = {
				ALWAYS_SEARCH_USER_PATHS = NO;
				ASSETCATALOG_COMPILER_GENERATE_SWIFT_ASSET_SYMBOL_EXTENSIONS = YES;
				CLANG_ANALYZER_NONNULL = YES;
				CLANG_ANALYZER_NUMBER_OBJECT_CONVERSION = YES_AGGRESSIVE;
				CLANG_CXX_LANGUAGE_STANDARD = "gnu++20";
				CLANG_ENABLE_MODULES = YES;
				CLANG_ENABLE_OBJC_ARC = YES;
				CLANG_ENABLE_OBJC_WEAK = YES;
				CLANG_WARN_BLOCK_CAPTURE_AUTORELEASING = YES;
				CLANG_WARN_BOOL_CONVERSION = YES;
				CLANG_WARN_COMMA = YES;
				CLANG_WARN_CONSTANT_CONVERSION = YES;
				CLANG_WARN_DEPRECATED_OBJC_IMPLEMENTATIONS = YES;
				CLANG_WARN_DIRECT_OBJC_ISA_USAGE = YES_ERROR;
				CLANG_WARN_DOCUMENTATION_COMMENTS = YES;
				CLANG_WARN_EMPTY_BODY = YES;
				CLANG_WARN_ENUM_CONVERSION = YES;
				CLANG_WARN_INFINITE_RECURSION = YES;
				CLANG_WARN_INT_CONVERSION = YES;
				CLANG_WARN_NON_LITERAL_NULL_CONVERSION = YES;
				CLANG_WARN_OBJC_IMPLICIT_RETAIN_SELF = YES;
				CLANG_WARN_OBJC_LITERAL_CONVERSION = YES;
				CLANG_WARN_OBJC_ROOT_CLASS = YES_ERROR;
				CLANG_WARN_QUOTED_INCLUDE_IN_FRAMEWORK_HEADER = YES;
				CLANG_WARN_RANGE_LOOP_ANALYSIS = YES;
				CLANG_WARN_STRICT_PROTOTYPES = YES;
				CLANG_WARN_SUSPICIOUS_MOVE = YES;
				CLANG_WARN_UNGUARDED_AVAILABILITY = YES_AGGRESSIVE;
				CLANG_WARN_UNREACHABLE_CODE = YES;
				CLANG_WARN__DUPLICATE_METHOD_MATCH = YES;
				COPY_PHASE_STRIP = NO;
				DEBUG_INFORMATION_FORMAT = "dwarf-with-dsym";
				DEVELOPMENT_TEAM = 5TGUM38DL9;
				ENABLE_NS_ASSERTIONS = NO;
				ENABLE_STRICT_OBJC_MSGSEND = YES;
				ENABLE_USER_SCRIPT_SANDBOXING = YES;
				GCC_C_LANGUAGE_STANDARD = gnu17;
				GCC_NO_COMMON_BLOCKS = YES;
				GCC_WARN_64_TO_32_BIT_CONVERSION = YES;
				GCC_WARN_ABOUT_RETURN_TYPE = YES_ERROR;
				GCC_WARN_UNDECLARED_SELECTOR = YES;
				GCC_WARN_UNINITIALIZED_AUTOS = YES_AGGRESSIVE;
				GCC_WARN_UNUSED_FUNCTION = YES;
				GCC_WARN_UNUSED_VARIABLE = YES;
				INFOPLIST_KEY_NSCameraUsageDescription = "Calorie Tracker uses the camera to scan food barcodes.";
				INFOPLIST_KEY_NSHealthShareUsageDescription = "Calorie Tracker reads your Health data to personalize your calorie estimates.";
				INFOPLIST_KEY_NSHealthUpdateUsageDescription = "Calorie Tracker requests Health access so it can read your profile data to personalize calorie estimates. It does not write Health data.";
				INFOPLIST_KEY_NSMotionUsageDescription = "Calorie Tracker uses your step count to adjust your daily calorie goal.";
				INFOPLIST_KEY_NSPhotoLibraryUsageDescription = "Calorie Tracker uses your photo library to estimate portion sizes from a plate photo.";
				IPHONEOS_DEPLOYMENT_TARGET = 26.2;
				LOCALIZATION_PREFERS_STRING_CATALOGS = YES;
				MTL_ENABLE_DEBUG_INFO = NO;
				MTL_FAST_MATH = YES;
				SDKROOT = iphoneos;
				SWIFT_COMPILATION_MODE = wholemodule;
				VALIDATE_PRODUCT = YES;
			};
			name = Release;
		};
		7587F5282F5209DF00A8457B /* Debug */ = {
			isa = XCBuildConfiguration;
			buildSettings = {
				ASSETCATALOG_COMPILER_ALTERNATE_APPICON_NAMES = AppIconPink;
				ASSETCATALOG_COMPILER_APPICON_NAME = AppIcon;
				ASSETCATALOG_COMPILER_GLOBAL_ACCENT_COLOR_NAME = AccentColor;
				CODE_SIGN_ENTITLEMENTS = "Calorie Tracker/Calorie Tracker.entitlements";
				CODE_SIGN_IDENTITY = "Apple Development";
				CODE_SIGN_STYLE = Automatic;
				CURRENT_PROJECT_VERSION = 23;
				DEVELOPMENT_TEAM = 5TGUM38DL9;
				ENABLE_PREVIEWS = YES;
				GENERATE_INFOPLIST_FILE = YES;
				INFOPLIST_FILE = "Calorie-Tracker-Info.plist";
				INFOPLIST_KEY_ITSAppUsesNonExemptEncryption = NO;
				INFOPLIST_KEY_NSCameraUsageDescription = "Calorie Tracker uses the camera to scan food barcodes.";
				INFOPLIST_KEY_NSHealthShareUsageDescription = "Calorie Tracker reads your Health data to personalize your calorie estimates.";
				INFOPLIST_KEY_NSHealthUpdateUsageDescription = "Calorie Tracker requests Health access so it can read your profile data to personalize calorie estimates. It does not write Health data.";
				INFOPLIST_KEY_NSMotionUsageDescription = "Calorie Tracker uses your step count to adjust your daily calorie goal.";
				INFOPLIST_KEY_NSPhotoLibraryUsageDescription = "Calorie Tracker uses your photo library to estimate portion sizes from a plate photo.";
				INFOPLIST_KEY_UIApplicationSceneManifest_Generation = YES;
				INFOPLIST_KEY_UIApplicationSupportsIndirectInputEvents = YES;
				INFOPLIST_KEY_UIBackgroundModes = "fetch remote-notification";
				INFOPLIST_KEY_UILaunchScreen_Generation = YES;
				INFOPLIST_KEY_UISupportedInterfaceOrientations_iPad = "UIInterfaceOrientationPortrait UIInterfaceOrientationPortraitUpsideDown UIInterfaceOrientationLandscapeLeft UIInterfaceOrientationLandscapeRight";
				INFOPLIST_KEY_UISupportedInterfaceOrientations_iPhone = UIInterfaceOrientationPortrait;
				LD_RUNPATH_SEARCH_PATHS = (
					"$(inherited)",
					"@executable_path/Frameworks",
				);
				MARKETING_VERSION = 1.1;
				PRODUCT_BUNDLE_IDENTIFIER = "Micah.Calorie-Tracker";
				PRODUCT_NAME = "$(TARGET_NAME)";
				PROVISIONING_PROFILE_SPECIFIER = "";
				STRING_CATALOG_GENERATE_SYMBOLS = YES;
				SWIFT_APPROACHABLE_CONCURRENCY = YES;
				SWIFT_DEFAULT_ACTOR_ISOLATION = MainActor;
				SWIFT_EMIT_LOC_STRINGS = YES;
				SWIFT_UPCOMING_FEATURE_MEMBER_IMPORT_VISIBILITY = YES;
				SWIFT_VERSION = 5.0;
				TARGETED_DEVICE_FAMILY = "1,2";
			};
			name = Debug;
		};
		7587F5292F5209DF00A8457B /* Release */ = {
			isa = XCBuildConfiguration;
			buildSettings = {
				ASSETCATALOG_COMPILER_ALTERNATE_APPICON_NAMES = AppIconPink;
				ASSETCATALOG_COMPILER_APPICON_NAME = AppIcon;
				ASSETCATALOG_COMPILER_GLOBAL_ACCENT_COLOR_NAME = AccentColor;
				CODE_SIGN_ENTITLEMENTS = "Calorie Tracker/Calorie Tracker.entitlements";
				CODE_SIGN_IDENTITY = "Apple Development";
				CODE_SIGN_STYLE = Automatic;
				CURRENT_PROJECT_VERSION = 23;
				DEVELOPMENT_TEAM = 5TGUM38DL9;
				ENABLE_PREVIEWS = YES;
				GENERATE_INFOPLIST_FILE = YES;
				INFOPLIST_FILE = "Calorie-Tracker-Info.plist";
				INFOPLIST_KEY_ITSAppUsesNonExemptEncryption = NO;
				INFOPLIST_KEY_NSCameraUsageDescription = "Calorie Tracker uses the camera to scan food barcodes.";
				INFOPLIST_KEY_NSHealthShareUsageDescription = "Calorie Tracker reads your Health data to personalize your calorie estimates.";
				INFOPLIST_KEY_NSHealthUpdateUsageDescription = "Calorie Tracker requests Health access so it can read your profile data to personalize calorie estimates. It does not write Health data.";
				INFOPLIST_KEY_NSMotionUsageDescription = "Calorie Tracker uses your step count to adjust your daily calorie goal.";
				INFOPLIST_KEY_NSPhotoLibraryUsageDescription = "Calorie Tracker uses your photo library to estimate portion sizes from a plate photo.";
				INFOPLIST_KEY_UIApplicationSceneManifest_Generation = YES;
				INFOPLIST_KEY_UIApplicationSupportsIndirectInputEvents = YES;
				INFOPLIST_KEY_UIBackgroundModes = "fetch remote-notification";
				INFOPLIST_KEY_UILaunchScreen_Generation = YES;
				INFOPLIST_KEY_UISupportedInterfaceOrientations_iPad = "UIInterfaceOrientationPortrait UIInterfaceOrientationPortraitUpsideDown UIInterfaceOrientationLandscapeLeft UIInterfaceOrientationLandscapeRight";
				INFOPLIST_KEY_UISupportedInterfaceOrientations_iPhone = UIInterfaceOrientationPortrait;
				LD_RUNPATH_SEARCH_PATHS = (
					"$(inherited)",
					"@executable_path/Frameworks",
				);
				MARKETING_VERSION = 1.1;
				PRODUCT_BUNDLE_IDENTIFIER = "Micah.Calorie-Tracker";
				PRODUCT_NAME = "$(TARGET_NAME)";
				PROVISIONING_PROFILE_SPECIFIER = "";
				STRING_CATALOG_GENERATE_SYMBOLS = YES;
				SWIFT_APPROACHABLE_CONCURRENCY = YES;
				SWIFT_DEFAULT_ACTOR_ISOLATION = MainActor;
				SWIFT_EMIT_LOC_STRINGS = YES;
				SWIFT_UPCOMING_FEATURE_MEMBER_IMPORT_VISIBILITY = YES;
				SWIFT_VERSION = 5.0;
				TARGETED_DEVICE_FAMILY = "1,2";
			};
			name = Release;
		};
		7599AA5B2F62000100A8457B /* Debug */ = {
			isa = XCBuildConfiguration;
			buildSettings = {
				APPLICATION_EXTENSION_API_ONLY = YES;
				CODE_SIGN_ENTITLEMENTS = "Calorie Tracker Widgets/Calorie Tracker Widgets.entitlements";
				CODE_SIGN_STYLE = Automatic;
				CURRENT_PROJECT_VERSION = 23;
				"CURRENT_PROJECT_VERSION[sdk=watch*]" = 23;
				DEVELOPMENT_TEAM = 5TGUM38DL9;
				GENERATE_INFOPLIST_FILE = NO;
				INFOPLIST_FILE = "Calorie-Tracker-Widgets-Info.plist";
				IPHONEOS_DEPLOYMENT_TARGET = 26.2;
				LD_RUNPATH_SEARCH_PATHS = (
					"$(inherited)",
					"@executable_path/Frameworks",
					"@executable_path/../../Frameworks",
				);
				MARKETING_VERSION = 1.1;
				PRODUCT_BUNDLE_IDENTIFIER = "Micah.Calorie-Tracker.widgets";
				"PRODUCT_BUNDLE_IDENTIFIER[sdk=watch*]" = "Micah.Calorie-Tracker.watch.widgets";
				PRODUCT_NAME = "$(TARGET_NAME)";
				SDKROOT = auto;
				SKIP_INSTALL = YES;
				SUPPORTED_PLATFORMS = "iphoneos iphonesimulator watchos watchsimulator";
				SWIFT_EMIT_LOC_STRINGS = NO;
				SWIFT_VERSION = 5.0;
				TARGETED_DEVICE_FAMILY = "1,2,4";
				WATCHOS_DEPLOYMENT_TARGET = 10.0;
			};
			name = Debug;
		};
		7599AA5C2F62000100A8457B /* Release */ = {
			isa = XCBuildConfiguration;
			buildSettings = {
				APPLICATION_EXTENSION_API_ONLY = YES;
				CODE_SIGN_ENTITLEMENTS = "Calorie Tracker Widgets/Calorie Tracker Widgets.entitlements";
				CODE_SIGN_STYLE = Automatic;
				CURRENT_PROJECT_VERSION = 23;
				"CURRENT_PROJECT_VERSION[sdk=watch*]" = 23;
				DEVELOPMENT_TEAM = 5TGUM38DL9;
				GENERATE_INFOPLIST_FILE = NO;
				INFOPLIST_FILE = "Calorie-Tracker-Widgets-Info.plist";
				IPHONEOS_DEPLOYMENT_TARGET = 26.2;
				LD_RUNPATH_SEARCH_PATHS = (
					"$(inherited)",
					"@executable_path/Frameworks",
					"@executable_path/../../Frameworks",
				);
				MARKETING_VERSION = 1.1;
				PRODUCT_BUNDLE_IDENTIFIER = "Micah.Calorie-Tracker.widgets";
				"PRODUCT_BUNDLE_IDENTIFIER[sdk=watch*]" = "Micah.Calorie-Tracker.watch.widgets";
				PRODUCT_NAME = "$(TARGET_NAME)";
				SDKROOT = auto;
				SKIP_INSTALL = YES;
				SUPPORTED_PLATFORMS = "iphoneos iphonesimulator watchos watchsimulator";
				SWIFT_EMIT_LOC_STRINGS = NO;
				SWIFT_VERSION = 5.0;
				TARGETED_DEVICE_FAMILY = "1,2,4";
				WATCHOS_DEPLOYMENT_TARGET = 10.0;
			};
			name = Release;
		};
		75A100092F53000100A8457B /* Debug */ = {
			isa = XCBuildConfiguration;
			buildSettings = {
				ALWAYS_EMBED_SWIFT_STANDARD_LIBRARIES = YES;
				CODE_SIGN_STYLE = Automatic;
				CURRENT_PROJECT_VERSION = 23;
				DEVELOPMENT_TEAM = 5TGUM38DL9;
				GENERATE_INFOPLIST_FILE = YES;
				IPHONEOS_DEPLOYMENT_TARGET = 26.2;
				LD_RUNPATH_SEARCH_PATHS = (
					"$(inherited)",
					"@executable_path/Frameworks",
					"@loader_path/Frameworks",
				);
				MARKETING_VERSION = 1.1;
				PRODUCT_BUNDLE_IDENTIFIER = "Micah.Calorie-TrackerUITests";
				PRODUCT_MODULE_NAME = Calorie_TrackerUITests;
				PRODUCT_NAME = "$(TARGET_NAME)";
				SDKROOT = iphoneos;
				SWIFT_EMIT_LOC_STRINGS = NO;
				SWIFT_VERSION = 5.0;
				TARGETED_DEVICE_FAMILY = "1,2";
				TEST_TARGET_NAME = "Calorie Tracker";
			};
			name = Debug;
		};
		75A1000A2F53000100A8457B /* Release */ = {
			isa = XCBuildConfiguration;
			buildSettings = {
				ALWAYS_EMBED_SWIFT_STANDARD_LIBRARIES = YES;
				CODE_SIGN_STYLE = Automatic;
				CURRENT_PROJECT_VERSION = 23;
				DEVELOPMENT_TEAM = 5TGUM38DL9;
				GENERATE_INFOPLIST_FILE = YES;
				IPHONEOS_DEPLOYMENT_TARGET = 26.2;
				LD_RUNPATH_SEARCH_PATHS = (
					"$(inherited)",
					"@executable_path/Frameworks",
					"@loader_path/Frameworks",
				);
				MARKETING_VERSION = 1.1;
				PRODUCT_BUNDLE_IDENTIFIER = "Micah.Calorie-TrackerUITests";
				PRODUCT_MODULE_NAME = Calorie_TrackerUITests;
				PRODUCT_NAME = "$(TARGET_NAME)";
				SDKROOT = iphoneos;
				SWIFT_EMIT_LOC_STRINGS = NO;
				SWIFT_VERSION = 5.0;
				TARGETED_DEVICE_FAMILY = "1,2";
				TEST_TARGET_NAME = "Calorie Tracker";
			};
			name = Release;
		};
		77C463BCAB2367A04E283F70 /* Debug */ = {
			isa = XCBuildConfiguration;
			buildSettings = {
				ASSETCATALOG_COMPILER_APPICON_NAME = AppIcon;
				ASSETCATALOG_COMPILER_GLOBAL_ACCENT_COLOR_NAME = AccentColor;
				CODE_SIGN_ENTITLEMENTS = "Calorie Tracker Watch/Calorie Tracker Watch.entitlements";
				CODE_SIGN_STYLE = Automatic;
				CURRENT_PROJECT_VERSION = 23;
				DEVELOPMENT_TEAM = 5TGUM38DL9;
				GENERATE_INFOPLIST_FILE = NO;
				INFOPLIST_FILE = "Calorie Tracker Watch/Info.plist";
				MARKETING_VERSION = 1.1;
				PRODUCT_BUNDLE_IDENTIFIER = "Micah.Calorie-Tracker.watch";
				PRODUCT_NAME = "$(TARGET_NAME)";
				SDKROOT = watchos;
				SKIP_INSTALL = YES;
				SWIFT_VERSION = 5.0;
				TARGETED_DEVICE_FAMILY = 4;
				WATCHOS_DEPLOYMENT_TARGET = 10.0;
			};
			name = Debug;
		};
		799B62F0550AA7369C22A864 /* Release */ = {
			isa = XCBuildConfiguration;
			buildSettings = {
				ASSETCATALOG_COMPILER_APPICON_NAME = AppIcon;
				ASSETCATALOG_COMPILER_GLOBAL_ACCENT_COLOR_NAME = AccentColor;
				CODE_SIGN_ENTITLEMENTS = "Calorie Tracker Watch/Calorie Tracker Watch.entitlements";
				CODE_SIGN_STYLE = Automatic;
				CURRENT_PROJECT_VERSION = 23;
				DEVELOPMENT_TEAM = 5TGUM38DL9;
				GENERATE_INFOPLIST_FILE = NO;
				INFOPLIST_FILE = "Calorie Tracker Watch/Info.plist";
				MARKETING_VERSION = 1.1;
				PRODUCT_BUNDLE_IDENTIFIER = "Micah.Calorie-Tracker.watch";
				PRODUCT_NAME = "$(TARGET_NAME)";
				SDKROOT = watchos;
				SKIP_INSTALL = YES;
				SWIFT_VERSION = 5.0;
				TARGETED_DEVICE_FAMILY = 4;
				VALIDATE_PRODUCT = YES;
				WATCHOS_DEPLOYMENT_TARGET = 10.0;
			};
			name = Release;
		};
		885FE7D67E88403C99CBC9C1 /* Debug */ = {
			isa = XCBuildConfiguration;
			buildSettings = {
				ALWAYS_EMBED_SWIFT_STANDARD_LIBRARIES = YES;
				CODE_SIGN_STYLE = Automatic;
				CURRENT_PROJECT_VERSION = 23;
				DEVELOPMENT_TEAM = 5TGUM38DL9;
				GENERATE_INFOPLIST_FILE = YES;
				IPHONEOS_DEPLOYMENT_TARGET = 26.2;
				LD_RUNPATH_SEARCH_PATHS = (
					"$(inherited)",
					"@executable_path/Frameworks",
					"@loader_path/Frameworks",
				);
				MARKETING_VERSION = 1.1;
				PRODUCT_BUNDLE_IDENTIFIER = "com.calorie-tracker.tests";
				PRODUCT_MODULE_NAME = Calorie_TrackerTests;
				PRODUCT_NAME = "$(TARGET_NAME)";
				SDKROOT = iphoneos;
				SWIFT_EMIT_LOC_STRINGS = NO;
				SWIFT_VERSION = 5.0;
				TARGETED_DEVICE_FAMILY = "1,2";
				TEST_TARGET_NAME = "Calorie Tracker";
			};
			name = Debug;
		};
		9F7C079B86F5431E9E3B481B /* Release */ = {
			isa = XCBuildConfiguration;
			buildSettings = {
				ALWAYS_EMBED_SWIFT_STANDARD_LIBRARIES = YES;
				CODE_SIGN_STYLE = Automatic;
				CURRENT_PROJECT_VERSION = 23;
				DEVELOPMENT_TEAM = 5TGUM38DL9;
				GENERATE_INFOPLIST_FILE = YES;
				IPHONEOS_DEPLOYMENT_TARGET = 26.2;
				LD_RUNPATH_SEARCH_PATHS = (
					"$(inherited)",
					"@executable_path/Frameworks",
					"@loader_path/Frameworks",
				);
				MARKETING_VERSION = 1.1;
				PRODUCT_BUNDLE_IDENTIFIER = "com.calorie-tracker.tests";
				PRODUCT_MODULE_NAME = Calorie_TrackerTests;
				PRODUCT_NAME = "$(TARGET_NAME)";
				SDKROOT = iphoneos;
				SWIFT_EMIT_LOC_STRINGS = NO;
				SWIFT_VERSION = 5.0;
				TARGETED_DEVICE_FAMILY = "1,2";
				TEST_TARGET_NAME = "Calorie Tracker";
			};
			name = Release;
		};
/* End XCBuildConfiguration section */

/* Begin XCConfigurationList section */
		222BD5DFE5B84A8589E84351 /* Build configuration list for PBXNativeTarget "Calorie TrackerTests" */ = {
			isa = XCConfigurationList;
			buildConfigurations = (
				885FE7D67E88403C99CBC9C1 /* Debug */,
				9F7C079B86F5431E9E3B481B /* Release */,
			);
			defaultConfigurationIsVisible = 0;
			defaultConfigurationName = Release;
		};
		7587F5172F5209DE00A8457B /* Build configuration list for PBXProject "Calorie Tracker" */ = {
			isa = XCConfigurationList;
			buildConfigurations = (
				7587F5252F5209DF00A8457B /* Debug */,
				7587F5262F5209DF00A8457B /* Release */,
			);
			defaultConfigurationIsVisible = 0;
			defaultConfigurationName = Release;
		};
		7587F5272F5209DF00A8457B /* Build configuration list for PBXNativeTarget "Calorie Tracker" */ = {
			isa = XCConfigurationList;
			buildConfigurations = (
				7587F5282F5209DF00A8457B /* Debug */,
				7587F5292F5209DF00A8457B /* Release */,
			);
			defaultConfigurationIsVisible = 0;
			defaultConfigurationName = Release;
		};
		7599AA5D2F62000100A8457B /* Build configuration list for PBXNativeTarget "Calorie Tracker Widgets" */ = {
			isa = XCConfigurationList;
			buildConfigurations = (
				7599AA5B2F62000100A8457B /* Debug */,
				7599AA5C2F62000100A8457B /* Release */,
			);
			defaultConfigurationIsVisible = 0;
			defaultConfigurationName = Release;
		};
		75A1000B2F53000100A8457B /* Build configuration list for PBXNativeTarget "Calorie TrackerUITests" */ = {
			isa = XCConfigurationList;
			buildConfigurations = (
				75A100092F53000100A8457B /* Debug */,
				75A1000A2F53000100A8457B /* Release */,
			);
			defaultConfigurationIsVisible = 0;
			defaultConfigurationName = Release;
		};
		89EBEDCF66AA6971FAE8AF1D /* Build configuration list for PBXNativeTarget "Calorie Tracker Watch" */ = {
			isa = XCConfigurationList;
			buildConfigurations = (
				799B62F0550AA7369C22A864 /* Release */,
				77C463BCAB2367A04E283F70 /* Debug */,
			);
			defaultConfigurationIsVisible = 0;
			defaultConfigurationName = Release;
		};
/* End XCConfigurationList section */

/* Begin XCRemoteSwiftPackageReference section */
		6B2A90042F70000100A8457B /* XCRemoteSwiftPackageReference "firebase-ios-sdk" */ = {
			isa = XCRemoteSwiftPackageReference;
			repositoryURL = "https://github.com/firebase/firebase-ios-sdk";
			requirement = {
				kind = upToNextMajorVersion;
				minimumVersion = 11.0.0;
			};
		};
/* End XCRemoteSwiftPackageReference section */

/* Begin XCSwiftPackageProductDependency section */
		6B2A90022F70000100A8457B /* FirebaseCore */ = {
			isa = XCSwiftPackageProductDependency;
			package = 6B2A90042F70000100A8457B /* XCRemoteSwiftPackageReference "firebase-ios-sdk" */;
			productName = FirebaseCore;
		};
		6B2A90032F70000100A8457B /* FirebaseAppCheck */ = {
			isa = XCSwiftPackageProductDependency;
			package = 6B2A90042F70000100A8457B /* XCRemoteSwiftPackageReference "firebase-ios-sdk" */;
			productName = FirebaseAppCheck;
		};
/* End XCSwiftPackageProductDependency section */
	};
	rootObject = 7587F5142F5209DE00A8457B /* Project object */;
}
